
Microsoft Visual Studio Solution File, Format Version 12.00
# Visual Studio 15
VisualStudioVersion = 15.0.27703.2035
MinimumVisualStudioVersion = 10.0.40219.1
Project("{FAE04EC0-301F-11D3-BF4B-00C04F79EFBC}") = "Selolaskuri", "Selolaskuri\Selolaskuri.csproj", "{CC8B2F04-6767-4E5C-B537-7D6BE6766537}"
EndProject
Project("{FAE04EC0-301F-11D3-BF4B-00C04F79EFBC}") = "Selolaskuri.Tests", "Selolaskuri.Tests\Selolaskuri.Tests.csproj", "{53427504-6AAA-4D2D-92BD-39D0778E5280}"
EndProject
Project("{FAE04EC0-301F-11D3-BF4B-00C04F79EFBC}") = "SelolaskuriLibrary", "SelolaskuriLibrary\SelolaskuriLibrary.csproj", "{86A9E853-8418-4145-87E4-CA5145D259E1}"
EndProject
Project("{FAE04EC0-301F-11D3-BF4B-00C04F79EFBC}") = "Selolaskuri.WPF", "Selolaskuri.WPF\Selolaskuri.WPF.csproj", "{1190088A-8141-4B0C-A233-06A9DB113D74}"
EndProject
Project("{FAE04EC0-301F-11D3-BF4B-00C04F79EFBC}") = "Selolaskuri.XBAP", "Selolaskuri.XBAP\Selolaskuri.XBAP.csproj", "{6AA3F5DB-1593-464A-BB44-10675EDF8E1F}"
EndProject
Global
	GlobalSection(SolutionConfigurationPlatforms) = preSolution
		Debug|Any CPU = Debug|Any CPU
		Release|Any CPU = Release|Any CPU
	EndGlobalSection
	GlobalSection(ProjectConfigurationPlatforms) = postSolution
		{CC8B2F04-6767-4E5C-B537-7D6BE6766537}.Debug|Any CPU.ActiveCfg = Debug|Any CPU
		{CC8B2F04-6767-4E5C-B537-7D6BE6766537}.Debug|Any CPU.Build.0 = Debug|Any CPU
		{CC8B2F04-6767-4E5C-B537-7D6BE6766537}.Release|Any CPU.ActiveCfg = Release|Any CPU
		{CC8B2F04-6767-4E5C-B537-7D6BE6766537}.Release|Any CPU.Build.0 = Release|Any CPU
		{53427504-6AAA-4D2D-92BD-39D0778E5280}.Debug|Any CPU.ActiveCfg = Debug|Any CPU
		{53427504-6AAA-4D2D-92BD-39D0778E5280}.Debug|Any CPU.Build.0 = Debug|Any CPU
		{53427504-6AAA-4D2D-92BD-39D0778E5280}.Release|Any CPU.ActiveCfg = Release|Any CPU
		{53427504-6AAA-4D2D-92BD-39D0778E5280}.Release|Any CPU.Build.0 = Release|Any CPU
		{86A9E853-8418-4145-87E4-CA5145D259E1}.Debug|Any CPU.ActiveCfg = Debug|Any CPU
		{86A9E853-8418-4145-87E4-CA5145D259E1}.Debug|Any CPU.Build.0 = Debug|Any CPU
		{86A9E853-8418-4145-87E4-CA5145D259E1}.Release|Any CPU.ActiveCfg = Release|Any CPU
		{86A9E853-8418-4145-87E4-CA5145D259E1}.Release|Any CPU.Build.0 = Release|Any CPU
		{1190088A-8141-4B0C-A233-06A9DB113D74}.Debug|Any CPU.ActiveCfg = Debug|Any CPU
		{1190088A-8141-4B0C-A233-06A9DB113D74}.Debug|Any CPU.Build.0 = Debug|Any CPU
		{1190088A-8141-4B0C-A233-06A9DB113D74}.Release|Any CPU.ActiveCfg = Release|Any CPU
		{1190088A-8141-4B0C-A233-06A9DB113D74}.Release|Any CPU.Build.0 = Release|Any CPU
		{6AA3F5DB-1593-464A-BB44-10675EDF8E1F}.Debug|Any CPU.ActiveCfg = Debug|Any CPU
		{6AA3F5DB-1593-464A-BB44-10675EDF8E1F}.Debug|Any CPU.Build.0 = Debug|Any CPU
		{6AA3F5DB-1593-464A-BB44-10675EDF8E1F}.Release|Any CPU.ActiveCfg = Release|Any CPU
		{6AA3F5DB-1593-464A-BB44-10675EDF8E1F}.Release|Any CPU.Build.0 = Release|Any CPU
	EndGlobalSection
	GlobalSection(SolutionProperties) = preSolution
		HideSolutionNode = FALSE
	EndGlobalSection
	GlobalSection(ExtensibilityGlobals) = postSolution
		SolutionGuid = {A7F18EF9-761F-483B-990C-30689BC39CC3}
	EndGlobalSection
EndGlobal
